
Microsoft Visual Studio Solution File, Format Version 12.00
# Visual Studio 14
VisualStudioVersion = 14.0.25123.0
MinimumVisualStudioVersion = 10.0.40219.1
Project("{8BC9CEB8-8B4A-11D0-8D11-00A0C91BC942}") = "Presenze", "Presenze\Presenze.vcxproj", "{C7A834B9-C60E-45A5-9208-980BAB2D9722}"
EndProject
Project("{8BC9CEB8-8B4A-11D0-8D11-00A0C91BC942}") = "TestPresenze", "TestPresenze\TestPresenze.vcxproj", "{F1916691-B17C-4285-BF3A-7ED50C64F8BA}"
	ProjectSection(ProjectDependencies) = postProject
		{C7A834B9-C60E-45A5-9208-980BAB2D9722} = {C7A834B9-C60E-45A5-9208-980BAB2D9722}
	EndProjectSection
EndProject
Project("{8BC9CEB8-8B4A-11D0-8D11-00A0C91BC942}") = "PresenzeGui", "PresenzeGui\PresenzeGui.vcxproj", "{90311639-75E5-4A01-AED4-B71F92497E18}"
	ProjectSection(ProjectDependencies) = postProject
		{C7A834B9-C60E-45A5-9208-980BAB2D9722} = {C7A834B9-C60E-45A5-9208-980BAB2D9722}
	EndProjectSection
EndProject
Global
	GlobalSection(SolutionConfigurationPlatforms) = preSolution
		Debug|x64 = Debug|x64
		Debug|x86 = Debug|x86
		Release|x64 = Release|x64
		Release|x86 = Release|x86
	EndGlobalSection
	GlobalSection(ProjectConfigurationPlatforms) = postSolution
		{C7A834B9-C60E-45A5-9208-980BAB2D9722}.Debug|x64.ActiveCfg = Debug|x64
		{C7A834B9-C60E-45A5-9208-980BAB2D9722}.Debug|x64.Build.0 = Debug|x64
		{C7A834B9-C60E-45A5-9208-980BAB2D9722}.Debug|x86.ActiveCfg = Debug|Win32
		{C7A834B9-C60E-45A5-9208-980BAB2D9722}.Debug|x86.Build.0 = Debug|Win32
		{C7A834B9-C60E-45A5-9208-980BAB2D9722}.Release|x64.ActiveCfg = Release|x64
		{C7A834B9-C60E-45A5-9208-980BAB2D9722}.Release|x64.Build.0 = Release|x64
		{C7A834B9-C60E-45A5-9208-980BAB2D9722}.Release|x86.ActiveCfg = Release|Win32
		{C7A834B9-C60E-45A5-9208-980BAB2D9722}.Release|x86.Build.0 = Release|Win32
		{F1916691-B17C-4285-BF3A-7ED50C64F8BA}.Debug|x64.ActiveCfg = Debug|x64
		{F1916691-B17C-4285-BF3A-7ED50C64F8BA}.Debug|x64.Build.0 = Debug|x64
		{F1916691-B17C-4285-BF3A-7ED50C64F8BA}.Debug|x86.ActiveCfg = Debug|Win32
		{F1916691-B17C-4285-BF3A-7ED50C64F8BA}.Debug|x86.Build.0 = Debug|Win32
		{F1916691-B17C-4285-BF3A-7ED50C64F8BA}.Release|x64.ActiveCfg = Release|x64
		{F1916691-B17C-4285-BF3A-7ED50C64F8BA}.Release|x64.Build.0 = Release|x64
		{F1916691-B17C-4285-BF3A-7ED50C64F8BA}.Release|x86.ActiveCfg = Release|Win32
		{F1916691-B17C-4285-BF3A-7ED50C64F8BA}.Release|x86.Build.0 = Release|Win32
		{90311639-75E5-4A01-AED4-B71F92497E18}.Debug|x64.ActiveCfg = Debug|x64
		{90311639-75E5-4A01-AED4-B71F92497E18}.Debug|x64.Build.0 = Debug|x64
		{90311639-75E5-4A01-AED4-B71F92497E18}.Debug|x86.ActiveCfg = Debug|Win32
		{90311639-75E5-4A01-AED4-B71F92497E18}.Debug|x86.Build.0 = Debug|Win32
		{90311639-75E5-4A01-AED4-B71F92497E18}.Release|x64.ActiveCfg = Release|x64
		{90311639-75E5-4A01-AED4-B71F92497E18}.Release|x64.Build.0 = Release|x64
		{90311639-75E5-4A01-AED4-B71F92497E18}.Release|x86.ActiveCfg = Release|Win32
		{90311639-75E5-4A01-AED4-B71F92497E18}.Release|x86.Build.0 = Release|Win32
	EndGlobalSection
	GlobalSection(SolutionProperties) = preSolution
		HideSolutionNode = FALSE
	EndGlobalSection
EndGlobal
